
Microsoft Visual Studio Solution File, Format Version 12.00
# Visual Studio Version 17
VisualStudioVersion = 17.0.32112.339
MinimumVisualStudioVersion = 10.0.40219.1
Project("{FAE04EC0-301F-11D3-BF4B-00C04F79EFBC}") = "HospitalManagement", "HospitalManagement\HospitalManagement.csproj", "{8916F8DF-E8A7-46AB-8477-ED370D60775F}"
EndProject
Global
	GlobalSection(SolutionConfigurationPlatforms) = preSolution
		Debug|Any CPU = Debug|Any CPU
		Release|Any CPU = Release|Any CPU
	EndGlobalSection
	GlobalSection(ProjectConfigurationPlatforms) = postSolution
		{8916F8DF-E8A7-46AB-8477-ED370D60775F}.Debug|Any CPU.ActiveCfg = Debug|Any CPU
		{8916F8DF-E8A7-46AB-8477-ED370D60775F}.Debug|Any CPU.Build.0 = Debug|Any CPU
		{8916F8DF-E8A7-46AB-8477-ED370D60775F}.Release|Any CPU.ActiveCfg = Release|Any CPU
		{8916F8DF-E8A7-46AB-8477-ED370D60775F}.Release|Any CPU.Build.0 = Release|Any CPU
	EndGlobalSection
	GlobalSection(SolutionProperties) = preSolution
		HideSolutionNode = FALSE
	EndGlobalSection
	GlobalSection(ExtensibilityGlobals) = postSolution
		SolutionGuid = {21733010-3D0F-48C9-A439-DF79D43E8AEB}
	EndGlobalSection
EndGlobal
